
Microsoft Visual Studio Solution File, Format Version 12.00
# Visual Studio Version 17
VisualStudioVersion = 17.5.33516.290
MinimumVisualStudioVersion = 10.0.40219.1
Project("{FAE04EC0-301F-11D3-BF4B-00C04F79EFBC}") = "FragranceFusion", "FragranceFusion\FragranceFusion.csproj", "{53007B76-CF41-4622-8FD1-DEF2B422F475}"
EndProject
Global
	GlobalSection(SolutionConfigurationPlatforms) = preSolution
		Debug|Any CPU = Debug|Any CPU
		Release|Any CPU = Release|Any CPU
	EndGlobalSection
	GlobalSection(ProjectConfigurationPlatforms) = postSolution
		{53007B76-CF41-4622-8FD1-DEF2B422F475}.Debug|Any CPU.ActiveCfg = Debug|Any CPU
		{53007B76-CF41-4622-8FD1-DEF2B422F475}.Debug|Any CPU.Build.0 = Debug|Any CPU
		{53007B76-CF41-4622-8FD1-DEF2B422F475}.Release|Any CPU.ActiveCfg = Release|Any CPU
		{53007B76-CF41-4622-8FD1-DEF2B422F475}.Release|Any CPU.Build.0 = Release|Any CPU
	EndGlobalSection
	GlobalSection(SolutionProperties) = preSolution
		HideSolutionNode = FALSE
	EndGlobalSection
	GlobalSection(ExtensibilityGlobals) = postSolution
		SolutionGuid = {C84147C7-3C00-4D11-9218-D3D2BEA289C0}
	EndGlobalSection
EndGlobal
