
Microsoft Visual Studio Solution File, Format Version 12.00
# Visual Studio Version 17
VisualStudioVersion = 17.5.33516.290
MinimumVisualStudioVersion = 10.0.40219.1
Project("{FAE04EC0-301F-11D3-BF4B-00C04F79EFBC}") = "FragranceFusion", "FragranceFusion\FragranceFusion.csproj", "{7A0D8CAC-BD11-49AA-9EED-D716F7CB42BE}"
EndProject
Global
	GlobalSection(SolutionConfigurationPlatforms) = preSolution
		Debug|Any CPU = Debug|Any CPU
		Release|Any CPU = Release|Any CPU
	EndGlobalSection
	GlobalSection(ProjectConfigurationPlatforms) = postSolution
		{7A0D8CAC-BD11-49AA-9EED-D716F7CB42BE}.Debug|Any CPU.ActiveCfg = Debug|Any CPU
		{7A0D8CAC-BD11-49AA-9EED-D716F7CB42BE}.Debug|Any CPU.Build.0 = Debug|Any CPU
		{7A0D8CAC-BD11-49AA-9EED-D716F7CB42BE}.Release|Any CPU.ActiveCfg = Release|Any CPU
		{7A0D8CAC-BD11-49AA-9EED-D716F7CB42BE}.Release|Any CPU.Build.0 = Release|Any CPU
	EndGlobalSection
	GlobalSection(SolutionProperties) = preSolution
		HideSolutionNode = FALSE
	EndGlobalSection
	GlobalSection(ExtensibilityGlobals) = postSolution
		SolutionGuid = {0C1E49B7-86AB-4CD0-A446-6E84927CEF74}
	EndGlobalSection
EndGlobal
